// !$*UTF8*$!
{
	archiveVersion = 1;
	classes = {
	};
	objectVersion = 50;
	objects = {

/* Begin PBXBuildFile section */
		1723C32F21151F4F007CDEE6 /* MetaKit.framework in Frameworks */ = {isa = PBXBuildFile; fileRef = 1723C32521151F4F007CDEE6 /* MetaKit.framework */; };
		1723C33421151F4F007CDEE6 /* MetaKitTests.swift in Sources */ = {isa = PBXBuildFile; fileRef = 1723C33321151F4F007CDEE6 /* MetaKitTests.swift */; };
		1723C33621151F4F007CDEE6 /* MetaKit.h in Headers */ = {isa = PBXBuildFile; fileRef = 1723C32821151F4F007CDEE6 /* MetaKit.h */; settings = {ATTRIBUTES = (Public, ); }; };
		1723C34021151F5A007CDEE6 /* Meta.swift in Sources */ = {isa = PBXBuildFile; fileRef = 1723C33F21151F5A007CDEE6 /* Meta.swift */; };
/* End PBXBuildFile section */

/* Begin PBXContainerItemProxy section */
		1723C33021151F4F007CDEE6 /* PBXContainerItemProxy */ = {
			isa = PBXContainerItemProxy;
			containerPortal = 1723C31C21151F4F007CDEE6 /* Project object */;
			proxyType = 1;
			remoteGlobalIDString = 1723C32421151F4F007CDEE6;
			remoteInfo = MetaKit;
		};
/* End PBXContainerItemProxy section */

/* Begin PBXFileReference section */
		1723C32521151F4F007CDEE6 /* MetaKit.framework */ = {isa = PBXFileReference; explicitFileType = wrapper.framework; includeInIndex = 0; path = MetaKit.framework; sourceTree = BUILT_PRODUCTS_DIR; };
		1723C32821151F4F007CDEE6 /* MetaKit.h */ = {isa = PBXFileReference; lastKnownFileType = sourcecode.c.h; path = MetaKit.h; sourceTree = "<group>"; };
		1723C32921151F4F007CDEE6 /* Info.plist */ = {isa = PBXFileReference; lastKnownFileType = text.plist.xml; path = Info.plist; sourceTree = "<group>"; };
		1723C32E21151F4F007CDEE6 /* MetaKitTests.xctest */ = {isa = PBXFileReference; explicitFileType = wrapper.cfbundle; includeInIndex = 0; path = MetaKitTests.xctest; sourceTree = BUILT_PRODUCTS_DIR; };
		1723C33321151F4F007CDEE6 /* MetaKitTests.swift */ = {isa = PBXFileReference; lastKnownFileType = sourcecode.swift; path = MetaKitTests.swift; sourceTree = "<group>"; };
		1723C33521151F4F007CDEE6 /* Info.plist */ = {isa = PBXFileReference; lastKnownFileType = text.plist.xml; path = Info.plist; sourceTree = "<group>"; };
		1723C33F21151F5A007CDEE6 /* Meta.swift */ = {isa = PBXFileReference; lastKnownFileType = sourcecode.swift; path = Meta.swift; sourceTree = "<group>"; };
		1723C38221152500007CDEE6 /* README.md */ = {isa = PBXFileReference; lastKnownFileType = net.daringfireball.markdown; path = README.md; sourceTree = "<group>"; };
/* End PBXFileReference section */

/* Begin PBXFrameworksBuildPhase section */
		1723C32221151F4F007CDEE6 /* Frameworks */ = {
			isa = PBXFrameworksBuildPhase;
			buildActionMask = 2147483647;
			files = (
			);
			runOnlyForDeploymentPostprocessing = 0;
		};
		1723C32B21151F4F007CDEE6 /* Frameworks */ = {
			isa = PBXFrameworksBuildPhase;
			buildActionMask = 2147483647;
			files = (
				1723C32F21151F4F007CDEE6 /* MetaKit.framework in Frameworks */,
			);
			runOnlyForDeploymentPostprocessing = 0;
		};
/* End PBXFrameworksBuildPhase section */

/* Begin PBXGroup section */
		1723C31B21151F4F007CDEE6 = {
			isa = PBXGroup;
			children = (
				1723C38221152500007CDEE6 /* README.md */,
				1723C32721151F4F007CDEE6 /* MetaKit */,
				1723C33221151F4F007CDEE6 /* MetaKitTests */,
				1723C32621151F4F007CDEE6 /* Products */,
			);
			sourceTree = "<group>";
		};
		1723C32621151F4F007CDEE6 /* Products */ = {
			isa = PBXGroup;
			children = (
				1723C32521151F4F007CDEE6 /* MetaKit.framework */,
				1723C32E21151F4F007CDEE6 /* MetaKitTests.xctest */,
			);
			name = Products;
			sourceTree = "<group>";
		};
		1723C32721151F4F007CDEE6 /* MetaKit */ = {
			isa = PBXGroup;
			children = (
				1723C32821151F4F007CDEE6 /* MetaKit.h */,
				1723C32921151F4F007CDEE6 /* Info.plist */,
				1723C33F21151F5A007CDEE6 /* Meta.swift */,
			);
			path = MetaKit;
			sourceTree = "<group>";
		};
		1723C33221151F4F007CDEE6 /* MetaKitTests */ = {
			isa = PBXGroup;
			children = (
				1723C33321151F4F007CDEE6 /* MetaKitTests.swift */,
				1723C33521151F4F007CDEE6 /* Info.plist */,
			);
			path = MetaKitTests;
			sourceTree = "<group>";
		};
/* End PBXGroup section */

/* Begin PBXHeadersBuildPhase section */
		1723C32021151F4F007CDEE6 /* Headers */ = {
			isa = PBXHeadersBuildPhase;
			buildActionMask = 2147483647;
			files = (
				1723C33621151F4F007CDEE6 /* MetaKit.h in Headers */,
			);
			runOnlyForDeploymentPostprocessing = 0;
		};
/* End PBXHeadersBuildPhase section */

/* Begin PBXNativeTarget section */
		1723C32421151F4F007CDEE6 /* MetaKit */ = {
			isa = PBXNativeTarget;
			buildConfigurationList = 1723C33921151F4F007CDEE6 /* Build configuration list for PBXNativeTarget "MetaKit" */;
			buildPhases = (
				1723C32021151F4F007CDEE6 /* Headers */,
				1723C32121151F4F007CDEE6 /* Sources */,
				1723C32221151F4F007CDEE6 /* Frameworks */,
				1723C32321151F4F007CDEE6 /* Resources */,
			);
			buildRules = (
			);
			dependencies = (
			);
			name = MetaKit;
			productName = MetaKit;
			productReference = 1723C32521151F4F007CDEE6 /* MetaKit.framework */;
			productType = "com.apple.product-type.framework";
		};
		1723C32D21151F4F007CDEE6 /* MetaKitTests */ = {
			isa = PBXNativeTarget;
			buildConfigurationList = 1723C33C21151F4F007CDEE6 /* Build configuration list for PBXNativeTarget "MetaKitTests" */;
			buildPhases = (
				1723C32A21151F4F007CDEE6 /* Sources */,
				1723C32B21151F4F007CDEE6 /* Frameworks */,
				1723C32C21151F4F007CDEE6 /* Resources */,
			);
			buildRules = (
			);
			dependencies = (
				1723C33121151F4F007CDEE6 /* PBXTargetDependency */,
			);
			name = MetaKitTests;
			productName = MetaKitTests;
			productReference = 1723C32E21151F4F007CDEE6 /* MetaKitTests.xctest */;
			productType = "com.apple.product-type.bundle.unit-test";
		};
/* End PBXNativeTarget section */

/* Begin PBXProject section */
		1723C31C21151F4F007CDEE6 /* Project object */ = {
			isa = PBXProject;
			attributes = {
				LastSwiftUpdateCheck = 1000;
				LastUpgradeCheck = 1000;
				ORGANIZATIONNAME = Florian;
				TargetAttributes = {
					1723C32421151F4F007CDEE6 = {
						CreatedOnToolsVersion = 10.0;
						LastSwiftMigration = 1000;
					};
					1723C32D21151F4F007CDEE6 = {
						CreatedOnToolsVersion = 10.0;
					};
				};
			};
			buildConfigurationList = 1723C31F21151F4F007CDEE6 /* Build configuration list for PBXProject "MetaKit" */;
			compatibilityVersion = "Xcode 9.3";
			developmentRegion = en;
			hasScannedForEncodings = 0;
			knownRegions = (
				en,
			);
			mainGroup = 1723C31B21151F4F007CDEE6;
			productRefGroup = 1723C32621151F4F007CDEE6 /* Products */;
			projectDirPath = "";
			projectRoot = "";
			targets = (
				1723C32421151F4F007CDEE6 /* MetaKit */,
				1723C32D21151F4F007CDEE6 /* MetaKitTests */,
			);
		};
/* End PBXProject section */

/* Begin PBXResourcesBuildPhase section */
		1723C32321151F4F007CDEE6 /* Resources */ = {
			isa = PBXResourcesBuildPhase;
			buildActionMask = 2147483647;
			files = (
			);
			runOnlyForDeploymentPostprocessing = 0;
		};
		1723C32C21151F4F007CDEE6 /* Resources */ = {
			isa = PBXResourcesBuildPhase;
			buildActionMask = 2147483647;
			files = (
			);
			runOnlyForDeploymentPostprocessing = 0;
		};
/* End PBXResourcesBuildPhase section */

/* Begin PBXSourcesBuildPhase section */
		1723C32121151F4F007CDEE6 /* Sources */ = {
			isa = PBXSourcesBuildPhase;
			buildActionMask = 2147483647;
			files = (
				1723C34021151F5A007CDEE6 /* Meta.swift in Sources */,
			);
			runOnlyForDeploymentPostprocessing = 0;
		};
		1723C32A21151F4F007CDEE6 /* Sources */ = {
			isa = PBXSourcesBuildPhase;
			buildActionMask = 2147483647;
			files = (
				1723C33421151F4F007CDEE6 /* MetaKitTests.swift in Sources */,
			);
			runOnlyForDeploymentPostprocessing = 0;
		};
/* End PBXSourcesBuildPhase section */

/* Begin PBXTargetDependency section */
		1723C33121151F4F007CDEE6 /* PBXTargetDependency */ = {
			isa = PBXTargetDependency;
			target = 1723C32421151F4F007CDEE6 /* MetaKit */;
			targetProxy = 1723C33021151F4F007CDEE6 /* PBXContainerItemProxy */;
		};
/* End PBXTargetDependency section */

/* Begin XCBuildConfiguration section */
		1723C33721151F4F007CDEE6 /* Debug */ = {
			isa = XCBuildConfiguration;
			buildSettings = {
				ALWAYS_SEARCH_USER_PATHS = NO;
				CLANG_ANALYZER_NONNULL = YES;
				CLANG_ANALYZER_NUMBER_OBJECT_CONVERSION = YES_AGGRESSIVE;
				CLANG_CXX_LANGUAGE_STANDARD = "gnu++14";
				CLANG_CXX_LIBRARY = "libc++";
				CLANG_ENABLE_MODULES = YES;
				CLANG_ENABLE_OBJC_ARC = YES;
				CLANG_ENABLE_OBJC_WEAK = YES;
				CLANG_WARN_BLOCK_CAPTURE_AUTORELEASING = YES;
				CLANG_WARN_BOOL_CONVERSION = YES;
				CLANG_WARN_COMMA = YES;
				CLANG_WARN_CONSTANT_CONVERSION = YES;
				CLANG_WARN_DEPRECATED_OBJC_IMPLEMENTATIONS = YES;
				CLANG_WARN_DIRECT_OBJC_ISA_USAGE = YES_ERROR;
				CLANG_WARN_DOCUMENTATION_COMMENTS = YES;
				CLANG_WARN_EMPTY_BODY = YES;
				CLANG_WARN_ENUM_CONVERSION = YES;
				CLANG_WARN_INFINITE_RECURSION = YES;
				CLANG_WARN_INT_CONVERSION = YES;
				CLANG_WARN_NON_LITERAL_NULL_CONVERSION = YES;
				CLANG_WARN_OBJC_IMPLICIT_RETAIN_SELF = YES;
				CLANG_WARN_OBJC_LITERAL_CONVERSION = YES;
				CLANG_WARN_OBJC_ROOT_CLASS = YES_ERROR;
				CLANG_WARN_RANGE_LOOP_ANALYSIS = YES;
				CLANG_WARN_STRICT_PROTOTYPES = YES;
				CLANG_WARN_SUSPICIOUS_MOVE = YES;
				CLANG_WARN_UNGUARDED_AVAILABILITY = YES_AGGRESSIVE;
				CLANG_WARN_UNREACHABLE_CODE = YES;
				CLANG_WARN__DUPLICATE_METHOD_MATCH = YES;
				CODE_SIGN_IDENTITY = "iPhone Developer";
				COPY_PHASE_STRIP = NO;
				CURRENT_PROJECT_VERSION = 1;
				DEBUG_INFORMATION_FORMAT = dwarf;
				ENABLE_STRICT_OBJC_MSGSEND = YES;
				ENABLE_TESTABILITY = YES;
				GCC_C_LANGUAGE_STANDARD = gnu11;
				GCC_DYNAMIC_NO_PIC = NO;
				GCC_NO_COMMON_BLOCKS = YES;
				GCC_OPTIMIZATION_LEVEL = 0;
				GCC_PREPROCESSOR_DEFINITIONS = (
					"DEBUG=1",
					"$(inherited)",
				);
				GCC_WARN_64_TO_32_BIT_CONVERSION = YES;
				GCC_WARN_ABOUT_RETURN_TYPE = YES_ERROR;
				GCC_WARN_UNDECLARED_SELECTOR = YES;
				GCC_WARN_UNINITIALIZED_AUTOS = YES_AGGRESSIVE;
				GCC_WARN_UNUSED_FUNCTION = YES;
				GCC_WARN_UNUSED_VARIABLE = YES;
				IPHONEOS_DEPLOYMENT_TARGET = 12.0;
				MTL_ENABLE_DEBUG_INFO = INCLUDE_SOURCE;
				MTL_FAST_MATH = YES;
				ONLY_ACTIVE_ARCH = YES;
				SDKROOT = iphoneos;
				SWIFT_ACTIVE_COMPILATION_CONDITIONS = DEBUG;
				SWIFT_OPTIMIZATION_LEVEL = "-Onone";
				VERSIONING_SYSTEM = "apple-generic";
				VERSION_INFO_PREFIX = "";
			};
			name = Debug;
		};
		1723C33821151F4F007CDEE6 /* Release */ = {
			isa = XCBuildConfiguration;
			buildSettings = {
				ALWAYS_SEARCH_USER_PATHS = NO;
				CLANG_ANALYZER_NONNULL = YES;
				CLANG_ANALYZER_NUMBER_OBJECT_CONVERSION = YES_AGGRESSIVE;
				CLANG_CXX_LANGUAGE_STANDARD = "gnu++14";
				CLANG_CXX_LIBRARY = "libc++";
				CLANG_ENABLE_MODULES = YES;
				CLANG_ENABLE_OBJC_ARC = YES;
				CLANG_ENABLE_OBJC_WEAK = YES;
				CLANG_WARN_BLOCK_CAPTURE_AUTORELEASING = YES;
				CLANG_WARN_BOOL_CONVERSION = YES;
				CLANG_WARN_COMMA = YES;
				CLANG_WARN_CONSTANT_CONVERSION = YES;
				CLANG_WARN_DEPRECATED_OBJC_IMPLEMENTATIONS = YES;
				CLANG_WARN_DIRECT_OBJC_ISA_USAGE = YES_ERROR;
				CLANG_WARN_DOCUMENTATION_COMMENTS = YES;
				CLANG_WARN_EMPTY_BODY = YES;
				CLANG_WARN_ENUM_CONVERSION = YES;
				CLANG_WARN_INFINITE_RECURSION = YES;
				CLANG_WARN_INT_CONVERSION = YES;
				CLANG_WARN_NON_LITERAL_NULL_CONVERSION = YES;
				CLANG_WARN_OBJC_IMPLICIT_RETAIN_SELF = YES;
				CLANG_WARN_OBJC_LITERAL_CONVERSION = YES;
				CLANG_WARN_OBJC_ROOT_CLASS = YES_ERROR;
				CLANG_WARN_RANGE_LOOP_ANALYSIS = YES;
				CLANG_WARN_STRICT_PROTOTYPES = YES;
				CLANG_WARN_SUSPICIOUS_MOVE = YES;
				CLANG_WARN_UNGUARDED_AVAILABILITY = YES_AGGRESSIVE;
				CLANG_WARN_UNREACHABLE_CODE = YES;
				CLANG_WARN__DUPLICATE_METHOD_MATCH = YES;
				CODE_SIGN_IDENTITY = "iPhone Developer";
				COPY_PHASE_STRIP = NO;
				CURRENT_PROJECT_VERSION = 1;
				DEBUG_INFORMATION_FORMAT = "dwarf-with-dsym";
				ENABLE_NS_ASSERTIONS = NO;
				ENABLE_STRICT_OBJC_MSGSEND = YES;
				GCC_C_LANGUAGE_STANDARD = gnu11;
				GCC_NO_COMMON_BLOCKS = YES;
				GCC_WARN_64_TO_32_BIT_CONVERSION = YES;
				GCC_WARN_ABOUT_RETURN_TYPE = YES_ERROR;
				GCC_WARN_UNDECLARED_SELECTOR = YES;
				GCC_WARN_UNINITIALIZED_AUTOS = YES_AGGRESSIVE;
				GCC_WARN_UNUSED_FUNCTION = YES;
				GCC_WARN_UNUSED_VARIABLE = YES;
				IPHONEOS_DEPLOYMENT_TARGET = 12.0;
				MTL_ENABLE_DEBUG_INFO = NO;
				MTL_FAST_MATH = YES;
				SDKROOT = iphoneos;
				SWIFT_COMPILATION_MODE = wholemodule;
				SWIFT_OPTIMIZATION_LEVEL = "-O";
				VALIDATE_PRODUCT = YES;
				VERSIONING_SYSTEM = "apple-generic";
				VERSION_INFO_PREFIX = "";
			};
			name = Release;
		};
		1723C33A21151F4F007CDEE6 /* Debug */ = {
			isa = XCBuildConfiguration;
			buildSettings = {
				CLANG_ENABLE_MODULES = YES;
				CODE_SIGN_IDENTITY = "";
				CODE_SIGN_STYLE = Automatic;
				DEFINES_MODULE = YES;
				DEVELOPMENT_TEAM = 33YL27GJ5C;
				DYLIB_COMPATIBILITY_VERSION = 1;
				DYLIB_CURRENT_VERSION = 1;
				DYLIB_INSTALL_NAME_BASE = "@rpath";
				INFOPLIST_FILE = MetaKit/Info.plist;
				INSTALL_PATH = "$(LOCAL_LIBRARY_DIR)/Frameworks";
				LD_RUNPATH_SEARCH_PATHS = (
					"$(inherited)",
					"@executable_path/Frameworks",
					"@loader_path/Frameworks",
				);
				PRODUCT_BUNDLE_IDENTIFIER = com.florianmaxim.MetaKit;
				PRODUCT_NAME = "$(TARGET_NAME:c99extidentifier)";
				SKIP_INSTALL = YES;
				SWIFT_OPTIMIZATION_LEVEL = "-Onone";
				SWIFT_VERSION = 4.2;
				TARGETED_DEVICE_FAMILY = "1,2";
			};
			name = Debug;
		};
		1723C33B21151F4F007CDEE6 /* Release */ = {
			isa = XCBuildConfiguration;
			buildSettings = {
				CLANG_ENABLE_MODULES = YES;
				CODE_SIGN_IDENTITY = "";
				CODE_SIGN_STYLE = Automatic;
				DEFINES_MODULE = YES;
				DEVELOPMENT_TEAM = 33YL27GJ5C;
				DYLIB_COMPATIBILITY_VERSION = 1;
				DYLIB_CURRENT_VERSION = 1;
				DYLIB_INSTALL_NAME_BASE = "@rpath";
				INFOPLIST_FILE = MetaKit/Info.plist;
				INSTALL_PATH = "$(LOCAL_LIBRARY_DIR)/Frameworks";
				LD_RUNPATH_SEARCH_PATHS = (
					"$(inherited)",
					"@executable_path/Frameworks",
					"@loader_path/Frameworks",
				);
				PRODUCT_BUNDLE_IDENTIFIER = com.florianmaxim.MetaKit;
				PRODUCT_NAME = "$(TARGET_NAME:c99extidentifier)";
				SKIP_INSTALL = YES;
				SWIFT_VERSION = 4.2;
				TARGETED_DEVICE_FAMILY = "1,2";
			};
			name = Release;
		};
		1723C33D21151F4F007CDEE6 /* Debug */ = {
			isa = XCBuildConfiguration;
			buildSettings = {
				ALWAYS_EMBED_SWIFT_STANDARD_LIBRARIES = YES;
				CODE_SIGN_STYLE = Automatic;
				DEVELOPMENT_TEAM = 33YL27GJ5C;
				INFOPLIST_FILE = MetaKitTests/Info.plist;
				LD_RUNPATH_SEARCH_PATHS = (
					"$(inherited)",
					"@executable_path/Frameworks",
					"@loader_path/Frameworks",
				);
				PRODUCT_BUNDLE_IDENTIFIER = com.florianmaxim.MetaKitTests;
				PRODUCT_NAME = "$(TARGET_NAME)";
				SWIFT_VERSION = 4.2;
				TARGETED_DEVICE_FAMILY = "1,2";
			};
			name = Debug;
		};
		1723C33E21151F4F007CDEE6 /* Release */ = {
			isa = XCBuildConfiguration;
			buildSettings = {
				ALWAYS_EMBED_SWIFT_STANDARD_LIBRARIES = YES;
				CODE_SIGN_STYLE = Automatic;
				DEVELOPMENT_TEAM = 33YL27GJ5C;
				INFOPLIST_FILE = MetaKitTests/Info.plist;
				LD_RUNPATH_SEARCH_PATHS = (
					"$(inherited)",
					"@executable_path/Frameworks",
					"@loader_path/Frameworks",
				);
				PRODUCT_BUNDLE_IDENTIFIER = com.florianmaxim.MetaKitTests;
				PRODUCT_NAME = "$(TARGET_NAME)";
				SWIFT_VERSION = 4.2;
				TARGETED_DEVICE_FAMILY = "1,2";
			};
			name = Release;
		};
/* End XCBuildConfiguration section */

/* Begin XCConfigurationList section */
		1723C31F21151F4F007CDEE6 /* Build configuration list for PBXProject "MetaKit" */ = {
			isa = XCConfigurationList;
			buildConfigurations = (
				1723C33721151F4F007CDEE6 /* Debug */,
				1723C33821151F4F007CDEE6 /* Release */,
			);
			defaultConfigurationIsVisible = 0;
			defaultConfigurationName = Release;
		};
		1723C33921151F4F007CDEE6 /* Build configuration list for PBXNativeTarget "MetaKit" */ = {
			isa = XCConfigurationList;
			buildConfigurations = (
				1723C33A21151F4F007CDEE6 /* Debug */,
				1723C33B21151F4F007CDEE6 /* Release */,
			);
			defaultConfigurationIsVisible = 0;
			defaultConfigurationName = Release;
		};
		1723C33C21151F4F007CDEE6 /* Build configuration list for PBXNativeTarget "MetaKitTests" */ = {
			isa = XCConfigurationList;
			buildConfigurations = (
				1723C33D21151F4F007CDEE6 /* Debug */,
				1723C33E21151F4F007CDEE6 /* Release */,
			);
			defaultConfigurationIsVisible = 0;
			defaultConfigurationName = Release;
		};
/* End XCConfigurationList section */
	};
	rootObject = 1723C31C21151F4F007CDEE6 /* Project object */;
}
